
Microsoft Visual Studio Solution File, Format Version 12.00
# Visual Studio 15
VisualStudioVersion = 15.0.28010.2026
MinimumVisualStudioVersion = 10.0.40219.1
Project("{FAE04EC0-301F-11D3-BF4B-00C04F79EFBC}") = "WaterwayBarCodeGenerator.Android", "WaterwayBarCodeGenerator\WaterwayBarCodeGenerator.Android\WaterwayBarCodeGenerator.Android.csproj", "{9CFD3BC7-4B7F-471C-873D-B5BA08AEAC50}"
EndProject
Project("{FAE04EC0-301F-11D3-BF4B-00C04F79EFBC}") = "WaterwayBarCodeGenerator.iOS", "WaterwayBarCodeGenerator\WaterwayBarCodeGenerator.iOS\WaterwayBarCodeGenerator.iOS.csproj", "{844292E9-B3F0-43A3-AA8F-821067430F3F}"
EndProject
Project("{FAE04EC0-301F-11D3-BF4B-00C04F79EFBC}") = "WaterwayBarCodeGenerator", "WaterwayBarCodeGenerator\WaterwayBarCodeGenerator\WaterwayBarCodeGenerator.csproj", "{A37E1AFE-7191-4534-8E28-9F6D1A621A5D}"
EndProject
Global
	GlobalSection(SolutionConfigurationPlatforms) = preSolution
		Ad-Hoc|Any CPU = Ad-Hoc|Any CPU
		Ad-Hoc|iPhone = Ad-Hoc|iPhone
		Ad-Hoc|iPhoneSimulator = Ad-Hoc|iPhoneSimulator
		AppStore|Any CPU = AppStore|Any CPU
		AppStore|iPhone = AppStore|iPhone
		AppStore|iPhoneSimulator = AppStore|iPhoneSimulator
		Debug|Any CPU = Debug|Any CPU
		Debug|iPhone = Debug|iPhone
		Debug|iPhoneSimulator = Debug|iPhoneSimulator
		Release|Any CPU = Release|Any CPU
		Release|iPhone = Release|iPhone
		Release|iPhoneSimulator = Release|iPhoneSimulator
	EndGlobalSection
	GlobalSection(ProjectConfigurationPlatforms) = postSolution
		{9CFD3BC7-4B7F-471C-873D-B5BA08AEAC50}.Ad-Hoc|Any CPU.ActiveCfg = Release|Any CPU
		{9CFD3BC7-4B7F-471C-873D-B5BA08AEAC50}.Ad-Hoc|Any CPU.Build.0 = Release|Any CPU
		{9CFD3BC7-4B7F-471C-873D-B5BA08AEAC50}.Ad-Hoc|Any CPU.Deploy.0 = Release|Any CPU
		{9CFD3BC7-4B7F-471C-873D-B5BA08AEAC50}.Ad-Hoc|iPhone.ActiveCfg = Release|Any CPU
		{9CFD3BC7-4B7F-471C-873D-B5BA08AEAC50}.Ad-Hoc|iPhone.Build.0 = Release|Any CPU
		{9CFD3BC7-4B7F-471C-873D-B5BA08AEAC50}.Ad-Hoc|iPhone.Deploy.0 = Release|Any CPU
		{9CFD3BC7-4B7F-471C-873D-B5BA08AEAC50}.Ad-Hoc|iPhoneSimulator.ActiveCfg = Release|Any CPU
		{9CFD3BC7-4B7F-471C-873D-B5BA08AEAC50}.Ad-Hoc|iPhoneSimulator.Build.0 = Release|Any CPU
		{9CFD3BC7-4B7F-471C-873D-B5BA08AEAC50}.Ad-Hoc|iPhoneSimulator.Deploy.0 = Release|Any CPU
		{9CFD3BC7-4B7F-471C-873D-B5BA08AEAC50}.AppStore|Any CPU.ActiveCfg = Release|Any CPU
		{9CFD3BC7-4B7F-471C-873D-B5BA08AEAC50}.AppStore|Any CPU.Build.0 = Release|Any CPU
		{9CFD3BC7-4B7F-471C-873D-B5BA08AEAC50}.AppStore|Any CPU.Deploy.0 = Release|Any CPU
		{9CFD3BC7-4B7F-471C-873D-B5BA08AEAC50}.AppStore|iPhone.ActiveCfg = Release|Any CPU
		{9CFD3BC7-4B7F-471C-873D-B5BA08AEAC50}.AppStore|iPhone.Build.0 = Release|Any CPU
		{9CFD3BC7-4B7F-471C-873D-B5BA08AEAC50}.AppStore|iPhone.Deploy.0 = Release|Any CPU
		{9CFD3BC7-4B7F-471C-873D-B5BA08AEAC50}.AppStore|iPhoneSimulator.ActiveCfg = Release|Any CPU
		{9CFD3BC7-4B7F-471C-873D-B5BA08AEAC50}.AppStore|iPhoneSimulator.Build.0 = Release|Any CPU
		{9CFD3BC7-4B7F-471C-873D-B5BA08AEAC50}.AppStore|iPhoneSimulator.Deploy.0 = Release|Any CPU
		{9CFD3BC7-4B7F-471C-873D-B5BA08AEAC50}.Debug|Any CPU.ActiveCfg = Debug|Any CPU
		{9CFD3BC7-4B7F-471C-873D-B5BA08AEAC50}.Debug|Any CPU.Build.0 = Debug|Any CPU
		{9CFD3BC7-4B7F-471C-873D-B5BA08AEAC50}.Debug|Any CPU.Deploy.0 = Debug|Any CPU
		{9CFD3BC7-4B7F-471C-873D-B5BA08AEAC50}.Debug|iPhone.ActiveCfg = Debug|Any CPU
		{9CFD3BC7-4B7F-471C-873D-B5BA08AEAC50}.Debug|iPhone.Build.0 = Debug|Any CPU
		{9CFD3BC7-4B7F-471C-873D-B5BA08AEAC50}.Debug|iPhone.Deploy.0 = Debug|Any CPU
		{9CFD3BC7-4B7F-471C-873D-B5BA08AEAC50}.Debug|iPhoneSimulator.ActiveCfg = Debug|Any CPU
		{9CFD3BC7-4B7F-471C-873D-B5BA08AEAC50}.Debug|iPhoneSimulator.Build.0 = Debug|Any CPU
		{9CFD3BC7-4B7F-471C-873D-B5BA08AEAC50}.Debug|iPhoneSimulator.Deploy.0 = Debug|Any CPU
		{9CFD3BC7-4B7F-471C-873D-B5BA08AEAC50}.Release|Any CPU.ActiveCfg = Release|Any CPU
		{9CFD3BC7-4B7F-471C-873D-B5BA08AEAC50}.Release|Any CPU.Build.0 = Release|Any CPU
		{9CFD3BC7-4B7F-471C-873D-B5BA08AEAC50}.Release|Any CPU.Deploy.0 = Release|Any CPU
		{9CFD3BC7-4B7F-471C-873D-B5BA08AEAC50}.Release|iPhone.ActiveCfg = Release|Any CPU
		{9CFD3BC7-4B7F-471C-873D-B5BA08AEAC50}.Release|iPhone.Build.0 = Release|Any CPU
		{9CFD3BC7-4B7F-471C-873D-B5BA08AEAC50}.Release|iPhone.Deploy.0 = Release|Any CPU
		{9CFD3BC7-4B7F-471C-873D-B5BA08AEAC50}.Release|iPhoneSimulator.ActiveCfg = Release|Any CPU
		{9CFD3BC7-4B7F-471C-873D-B5BA08AEAC50}.Release|iPhoneSimulator.Build.0 = Release|Any CPU
		{9CFD3BC7-4B7F-471C-873D-B5BA08AEAC50}.Release|iPhoneSimulator.Deploy.0 = Release|Any CPU
		{844292E9-B3F0-43A3-AA8F-821067430F3F}.Ad-Hoc|Any CPU.ActiveCfg = Ad-Hoc|iPhone
		{844292E9-B3F0-43A3-AA8F-821067430F3F}.Ad-Hoc|Any CPU.Build.0 = Ad-Hoc|iPhone
		{844292E9-B3F0-43A3-AA8F-821067430F3F}.Ad-Hoc|Any CPU.Deploy.0 = Ad-Hoc|iPhone
		{844292E9-B3F0-43A3-AA8F-821067430F3F}.Ad-Hoc|iPhone.ActiveCfg = Ad-Hoc|iPhone
		{844292E9-B3F0-43A3-AA8F-821067430F3F}.Ad-Hoc|iPhone.Build.0 = Ad-Hoc|iPhone
		{844292E9-B3F0-43A3-AA8F-821067430F3F}.Ad-Hoc|iPhone.Deploy.0 = Ad-Hoc|iPhone
		{844292E9-B3F0-43A3-AA8F-821067430F3F}.Ad-Hoc|iPhoneSimulator.ActiveCfg = Ad-Hoc|iPhoneSimulator
		{844292E9-B3F0-43A3-AA8F-821067430F3F}.Ad-Hoc|iPhoneSimulator.Build.0 = Ad-Hoc|iPhoneSimulator
		{844292E9-B3F0-43A3-AA8F-821067430F3F}.Ad-Hoc|iPhoneSimulator.Deploy.0 = Ad-Hoc|iPhoneSimulator
		{844292E9-B3F0-43A3-AA8F-821067430F3F}.AppStore|Any CPU.ActiveCfg = AppStore|iPhone
		{844292E9-B3F0-43A3-AA8F-821067430F3F}.AppStore|Any CPU.Build.0 = AppStore|iPhone
		{844292E9-B3F0-43A3-AA8F-821067430F3F}.AppStore|Any CPU.Deploy.0 = AppStore|iPhone
		{844292E9-B3F0-43A3-AA8F-821067430F3F}.AppStore|iPhone.ActiveCfg = AppStore|iPhone
		{844292E9-B3F0-43A3-AA8F-821067430F3F}.AppStore|iPhone.Build.0 = AppStore|iPhone
		{844292E9-B3F0-43A3-AA8F-821067430F3F}.AppStore|iPhone.Deploy.0 = AppStore|iPhone
		{844292E9-B3F0-43A3-AA8F-821067430F3F}.AppStore|iPhoneSimulator.ActiveCfg = AppStore|iPhoneSimulator
		{844292E9-B3F0-43A3-AA8F-821067430F3F}.AppStore|iPhoneSimulator.Build.0 = AppStore|iPhoneSimulator
		{844292E9-B3F0-43A3-AA8F-821067430F3F}.AppStore|iPhoneSimulator.Deploy.0 = AppStore|iPhoneSimulator
		{844292E9-B3F0-43A3-AA8F-821067430F3F}.Debug|Any CPU.ActiveCfg = Debug|iPhoneSimulator
		{844292E9-B3F0-43A3-AA8F-821067430F3F}.Debug|Any CPU.Build.0 = Debug|iPhoneSimulator
		{844292E9-B3F0-43A3-AA8F-821067430F3F}.Debug|Any CPU.Deploy.0 = Debug|iPhoneSimulator
		{844292E9-B3F0-43A3-AA8F-821067430F3F}.Debug|iPhone.ActiveCfg = Debug|iPhone
		{844292E9-B3F0-43A3-AA8F-821067430F3F}.Debug|iPhone.Build.0 = Debug|iPhone
		{844292E9-B3F0-43A3-AA8F-821067430F3F}.Debug|iPhone.Deploy.0 = Debug|iPhone
		{844292E9-B3F0-43A3-AA8F-821067430F3F}.Debug|iPhoneSimulator.ActiveCfg = Debug|iPhoneSimulator
		{844292E9-B3F0-43A3-AA8F-821067430F3F}.Debug|iPhoneSimulator.Build.0 = Debug|iPhoneSimulator
		{844292E9-B3F0-43A3-AA8F-821067430F3F}.Debug|iPhoneSimulator.Deploy.0 = Debug|iPhoneSimulator
		{844292E9-B3F0-43A3-AA8F-821067430F3F}.Release|Any CPU.ActiveCfg = Release|iPhone
		{844292E9-B3F0-43A3-AA8F-821067430F3F}.Release|Any CPU.Build.0 = Release|iPhone
		{844292E9-B3F0-43A3-AA8F-821067430F3F}.Release|Any CPU.Deploy.0 = Release|iPhone
		{844292E9-B3F0-43A3-AA8F-821067430F3F}.Release|iPhone.ActiveCfg = Release|iPhone
		{844292E9-B3F0-43A3-AA8F-821067430F3F}.Release|iPhone.Build.0 = Release|iPhone
		{844292E9-B3F0-43A3-AA8F-821067430F3F}.Release|iPhone.Deploy.0 = Release|iPhone
		{844292E9-B3F0-43A3-AA8F-821067430F3F}.Release|iPhoneSimulator.ActiveCfg = Release|iPhoneSimulator
		{844292E9-B3F0-43A3-AA8F-821067430F3F}.Release|iPhoneSimulator.Build.0 = Release|iPhoneSimulator
		{844292E9-B3F0-43A3-AA8F-821067430F3F}.Release|iPhoneSimulator.Deploy.0 = Release|iPhoneSimulator
		{A37E1AFE-7191-4534-8E28-9F6D1A621A5D}.Ad-Hoc|Any CPU.ActiveCfg = Debug|Any CPU
		{A37E1AFE-7191-4534-8E28-9F6D1A621A5D}.Ad-Hoc|Any CPU.Build.0 = Debug|Any CPU
		{A37E1AFE-7191-4534-8E28-9F6D1A621A5D}.Ad-Hoc|Any CPU.Deploy.0 = Debug|Any CPU
		{A37E1AFE-7191-4534-8E28-9F6D1A621A5D}.Ad-Hoc|iPhone.ActiveCfg = Debug|Any CPU
		{A37E1AFE-7191-4534-8E28-9F6D1A621A5D}.Ad-Hoc|iPhone.Build.0 = Debug|Any CPU
		{A37E1AFE-7191-4534-8E28-9F6D1A621A5D}.Ad-Hoc|iPhone.Deploy.0 = Debug|Any CPU
		{A37E1AFE-7191-4534-8E28-9F6D1A621A5D}.Ad-Hoc|iPhoneSimulator.ActiveCfg = Debug|Any CPU
		{A37E1AFE-7191-4534-8E28-9F6D1A621A5D}.Ad-Hoc|iPhoneSimulator.Build.0 = Debug|Any CPU
		{A37E1AFE-7191-4534-8E28-9F6D1A621A5D}.Ad-Hoc|iPhoneSimulator.Deploy.0 = Debug|Any CPU
		{A37E1AFE-7191-4534-8E28-9F6D1A621A5D}.AppStore|Any CPU.ActiveCfg = Debug|Any CPU
		{A37E1AFE-7191-4534-8E28-9F6D1A621A5D}.AppStore|Any CPU.Build.0 = Debug|Any CPU
		{A37E1AFE-7191-4534-8E28-9F6D1A621A5D}.AppStore|Any CPU.Deploy.0 = Debug|Any CPU
		{A37E1AFE-7191-4534-8E28-9F6D1A621A5D}.AppStore|iPhone.ActiveCfg = Debug|Any CPU
		{A37E1AFE-7191-4534-8E28-9F6D1A621A5D}.AppStore|iPhone.Build.0 = Debug|Any CPU
		{A37E1AFE-7191-4534-8E28-9F6D1A621A5D}.AppStore|iPhone.Deploy.0 = Debug|Any CPU
		{A37E1AFE-7191-4534-8E28-9F6D1A621A5D}.AppStore|iPhoneSimulator.ActiveCfg = Debug|Any CPU
		{A37E1AFE-7191-4534-8E28-9F6D1A621A5D}.AppStore|iPhoneSimulator.Build.0 = Debug|Any CPU
		{A37E1AFE-7191-4534-8E28-9F6D1A621A5D}.AppStore|iPhoneSimulator.Deploy.0 = Debug|Any CPU
		{A37E1AFE-7191-4534-8E28-9F6D1A621A5D}.Debug|Any CPU.ActiveCfg = Debug|Any CPU
		{A37E1AFE-7191-4534-8E28-9F6D1A621A5D}.Debug|Any CPU.Build.0 = Debug|Any CPU
		{A37E1AFE-7191-4534-8E28-9F6D1A621A5D}.Debug|Any CPU.Deploy.0 = Debug|Any CPU
		{A37E1AFE-7191-4534-8E28-9F6D1A621A5D}.Debug|iPhone.ActiveCfg = Debug|Any CPU
		{A37E1AFE-7191-4534-8E28-9F6D1A621A5D}.Debug|iPhone.Build.0 = Debug|Any CPU
		{A37E1AFE-7191-4534-8E28-9F6D1A621A5D}.Debug|iPhone.Deploy.0 = Debug|Any CPU
		{A37E1AFE-7191-4534-8E28-9F6D1A621A5D}.Debug|iPhoneSimulator.ActiveCfg = Debug|Any CPU
		{A37E1AFE-7191-4534-8E28-9F6D1A621A5D}.Debug|iPhoneSimulator.Build.0 = Debug|Any CPU
		{A37E1AFE-7191-4534-8E28-9F6D1A621A5D}.Debug|iPhoneSimulator.Deploy.0 = Debug|Any CPU
		{A37E1AFE-7191-4534-8E28-9F6D1A621A5D}.Release|Any CPU.ActiveCfg = Release|Any CPU
		{A37E1AFE-7191-4534-8E28-9F6D1A621A5D}.Release|Any CPU.Build.0 = Release|Any CPU
		{A37E1AFE-7191-4534-8E28-9F6D1A621A5D}.Release|Any CPU.Deploy.0 = Release|Any CPU
		{A37E1AFE-7191-4534-8E28-9F6D1A621A5D}.Release|iPhone.ActiveCfg = Release|Any CPU
		{A37E1AFE-7191-4534-8E28-9F6D1A621A5D}.Release|iPhone.Build.0 = Release|Any CPU
		{A37E1AFE-7191-4534-8E28-9F6D1A621A5D}.Release|iPhone.Deploy.0 = Release|Any CPU
		{A37E1AFE-7191-4534-8E28-9F6D1A621A5D}.Release|iPhoneSimulator.ActiveCfg = Release|Any CPU
		{A37E1AFE-7191-4534-8E28-9F6D1A621A5D}.Release|iPhoneSimulator.Build.0 = Release|Any CPU
		{A37E1AFE-7191-4534-8E28-9F6D1A621A5D}.Release|iPhoneSimulator.Deploy.0 = Release|Any CPU
	EndGlobalSection
	GlobalSection(SolutionProperties) = preSolution
		HideSolutionNode = FALSE
	EndGlobalSection
	GlobalSection(ExtensibilityGlobals) = postSolution
		SolutionGuid = {8670D5E1-BE9A-41E0-983A-214AD13F0DCB}
	EndGlobalSection
EndGlobal
